
Microsoft Visual Studio Solution File, Format Version 12.00
# Visual Studio 15
VisualStudioVersion = 15.0.28307.489
MinimumVisualStudioVersion = 10.0.40219.1
Project("{9A19103F-16F7-4668-BE54-9A1E7A4F7556}") = "Kcs.Core", "Kcs.Core\Kcs.Core.csproj", "{01C82C36-456B-4D81-A0C5-E37DF5D27E0E}"
EndProject
Project("{9A19103F-16F7-4668-BE54-9A1E7A4F7556}") = "Kcs.Entity", "Kcs.Entity\Kcs.Entity.csproj", "{0D389C5E-ECC1-44AC-87F3-DE816DA8F774}"
EndProject
Project("{9A19103F-16F7-4668-BE54-9A1E7A4F7556}") = "Kcs.DataAccess", "Kcs.DataAccess\Kcs.DataAccess.csproj", "{875A83A5-B0E1-44DA-A28D-AB32BCB5BC6B}"
EndProject
Project("{9A19103F-16F7-4668-BE54-9A1E7A4F7556}") = "Kcs.Business", "Kcs.Business\Kcs.Business.csproj", "{E89BDE10-A9A1-41FC-96E5-DBDB8ED9BDFB}"
EndProject
Project("{FAE04EC0-301F-11D3-BF4B-00C04F79EFBC}") = "Kcs.WebUI", "Kcs.WebUI\Kcs.WebUI.csproj", "{FCAF29A4-F458-435F-A572-74ECDAB1DB00}"
EndProject
Global
	GlobalSection(SolutionConfigurationPlatforms) = preSolution
		Debug|Any CPU = Debug|Any CPU
		Release|Any CPU = Release|Any CPU
	EndGlobalSection
	GlobalSection(ProjectConfigurationPlatforms) = postSolution
		{01C82C36-456B-4D81-A0C5-E37DF5D27E0E}.Debug|Any CPU.ActiveCfg = Debug|Any CPU
		{01C82C36-456B-4D81-A0C5-E37DF5D27E0E}.Debug|Any CPU.Build.0 = Debug|Any CPU
		{01C82C36-456B-4D81-A0C5-E37DF5D27E0E}.Release|Any CPU.ActiveCfg = Release|Any CPU
		{01C82C36-456B-4D81-A0C5-E37DF5D27E0E}.Release|Any CPU.Build.0 = Release|Any CPU
		{0D389C5E-ECC1-44AC-87F3-DE816DA8F774}.Debug|Any CPU.ActiveCfg = Debug|Any CPU
		{0D389C5E-ECC1-44AC-87F3-DE816DA8F774}.Debug|Any CPU.Build.0 = Debug|Any CPU
		{0D389C5E-ECC1-44AC-87F3-DE816DA8F774}.Release|Any CPU.ActiveCfg = Release|Any CPU
		{0D389C5E-ECC1-44AC-87F3-DE816DA8F774}.Release|Any CPU.Build.0 = Release|Any CPU
		{875A83A5-B0E1-44DA-A28D-AB32BCB5BC6B}.Debug|Any CPU.ActiveCfg = Debug|Any CPU
		{875A83A5-B0E1-44DA-A28D-AB32BCB5BC6B}.Debug|Any CPU.Build.0 = Debug|Any CPU
		{875A83A5-B0E1-44DA-A28D-AB32BCB5BC6B}.Release|Any CPU.ActiveCfg = Release|Any CPU
		{875A83A5-B0E1-44DA-A28D-AB32BCB5BC6B}.Release|Any CPU.Build.0 = Release|Any CPU
		{E89BDE10-A9A1-41FC-96E5-DBDB8ED9BDFB}.Debug|Any CPU.ActiveCfg = Debug|Any CPU
		{E89BDE10-A9A1-41FC-96E5-DBDB8ED9BDFB}.Debug|Any CPU.Build.0 = Debug|Any CPU
		{E89BDE10-A9A1-41FC-96E5-DBDB8ED9BDFB}.Release|Any CPU.ActiveCfg = Release|Any CPU
		{E89BDE10-A9A1-41FC-96E5-DBDB8ED9BDFB}.Release|Any CPU.Build.0 = Release|Any CPU
		{FCAF29A4-F458-435F-A572-74ECDAB1DB00}.Debug|Any CPU.ActiveCfg = Debug|Any CPU
		{FCAF29A4-F458-435F-A572-74ECDAB1DB00}.Debug|Any CPU.Build.0 = Debug|Any CPU
		{FCAF29A4-F458-435F-A572-74ECDAB1DB00}.Release|Any CPU.ActiveCfg = Release|Any CPU
		{FCAF29A4-F458-435F-A572-74ECDAB1DB00}.Release|Any CPU.Build.0 = Release|Any CPU
	EndGlobalSection
	GlobalSection(SolutionProperties) = preSolution
		HideSolutionNode = FALSE
	EndGlobalSection
	GlobalSection(ExtensibilityGlobals) = postSolution
		SolutionGuid = {2A3632F1-3DB6-4E21-98CB-CED2A0348557}
	EndGlobalSection
EndGlobal
